
Microsoft Visual Studio Solution File, Format Version 12.00
# Visual Studio Version 17
VisualStudioVersion = 17.8.34511.84
MinimumVisualStudioVersion = 10.0.40219.1
Project("{FAE04EC0-301F-11D3-BF4B-00C04F79EFBC}") = "ArithmeticOperations", "ArithmeticOperations\ArithmeticOperations.csproj", "{C1BEFBC1-1735-4D91-99B5-2C6F1136886F}"
EndProject
Global
	GlobalSection(SolutionConfigurationPlatforms) = preSolution
		Debug|Any CPU = Debug|Any CPU
		Release|Any CPU = Release|Any CPU
	EndGlobalSection
	GlobalSection(ProjectConfigurationPlatforms) = postSolution
		{C1BEFBC1-1735-4D91-99B5-2C6F1136886F}.Debug|Any CPU.ActiveCfg = Debug|Any CPU
		{C1BEFBC1-1735-4D91-99B5-2C6F1136886F}.Debug|Any CPU.Build.0 = Debug|Any CPU
		{C1BEFBC1-1735-4D91-99B5-2C6F1136886F}.Release|Any CPU.ActiveCfg = Release|Any CPU
		{C1BEFBC1-1735-4D91-99B5-2C6F1136886F}.Release|Any CPU.Build.0 = Release|Any CPU
	EndGlobalSection
	GlobalSection(SolutionProperties) = preSolution
		HideSolutionNode = FALSE
	EndGlobalSection
	GlobalSection(ExtensibilityGlobals) = postSolution
		SolutionGuid = {3D28CCC4-0BBF-48AF-B67C-6E80EAE63937}
	EndGlobalSection
EndGlobal
