
Microsoft Visual Studio Solution File, Format Version 12.00
# Visual Studio Version 17
VisualStudioVersion = 17.8.34525.116
MinimumVisualStudioVersion = 10.0.40219.1
Project("{FAE04EC0-301F-11D3-BF4B-00C04F79EFBC}") = "DBConnectionAndCRUD", "DBConnectionAndCRUD\DBConnectionAndCRUD.csproj", "{0E9B202C-F921-42D4-9CE5-DF71083BB4AD}"
EndProject
Project("{FAE04EC0-301F-11D3-BF4B-00C04F79EFBC}") = "UsingSPAndDataSet", "UsingSPAndDataSet\UsingSPAndDataSet.csproj", "{1BC87E80-BA7B-45C3-87A5-7818D1933F52}"
EndProject
Project("{FAE04EC0-301F-11D3-BF4B-00C04F79EFBC}") = "EmployeeRecordManagementWindowsApp", "WordVoyagerWindowsApp\EmployeeRecordManagementWindowsApp.csproj", "{197DF52B-2AB3-4FD5-AE9A-FA40826BFDB3}"
EndProject
Project("{FAE04EC0-301F-11D3-BF4B-00C04F79EFBC}") = "EmployeeRecordManagement", "EmployeeRecordManagement\EmployeeRecordManagement.csproj", "{A57C6B49-3249-40B7-94C3-066C09BCE277}"
EndProject
Global
	GlobalSection(SolutionConfigurationPlatforms) = preSolution
		Debug|Any CPU = Debug|Any CPU
		Release|Any CPU = Release|Any CPU
	EndGlobalSection
	GlobalSection(ProjectConfigurationPlatforms) = postSolution
		{0E9B202C-F921-42D4-9CE5-DF71083BB4AD}.Debug|Any CPU.ActiveCfg = Debug|Any CPU
		{0E9B202C-F921-42D4-9CE5-DF71083BB4AD}.Debug|Any CPU.Build.0 = Debug|Any CPU
		{0E9B202C-F921-42D4-9CE5-DF71083BB4AD}.Release|Any CPU.ActiveCfg = Release|Any CPU
		{0E9B202C-F921-42D4-9CE5-DF71083BB4AD}.Release|Any CPU.Build.0 = Release|Any CPU
		{1BC87E80-BA7B-45C3-87A5-7818D1933F52}.Debug|Any CPU.ActiveCfg = Debug|Any CPU
		{1BC87E80-BA7B-45C3-87A5-7818D1933F52}.Debug|Any CPU.Build.0 = Debug|Any CPU
		{1BC87E80-BA7B-45C3-87A5-7818D1933F52}.Release|Any CPU.ActiveCfg = Release|Any CPU
		{1BC87E80-BA7B-45C3-87A5-7818D1933F52}.Release|Any CPU.Build.0 = Release|Any CPU
		{197DF52B-2AB3-4FD5-AE9A-FA40826BFDB3}.Debug|Any CPU.ActiveCfg = Debug|Any CPU
		{197DF52B-2AB3-4FD5-AE9A-FA40826BFDB3}.Debug|Any CPU.Build.0 = Debug|Any CPU
		{197DF52B-2AB3-4FD5-AE9A-FA40826BFDB3}.Release|Any CPU.ActiveCfg = Release|Any CPU
		{197DF52B-2AB3-4FD5-AE9A-FA40826BFDB3}.Release|Any CPU.Build.0 = Release|Any CPU
		{A57C6B49-3249-40B7-94C3-066C09BCE277}.Debug|Any CPU.ActiveCfg = Debug|Any CPU
		{A57C6B49-3249-40B7-94C3-066C09BCE277}.Debug|Any CPU.Build.0 = Debug|Any CPU
		{A57C6B49-3249-40B7-94C3-066C09BCE277}.Release|Any CPU.ActiveCfg = Release|Any CPU
		{A57C6B49-3249-40B7-94C3-066C09BCE277}.Release|Any CPU.Build.0 = Release|Any CPU
	EndGlobalSection
	GlobalSection(SolutionProperties) = preSolution
		HideSolutionNode = FALSE
	EndGlobalSection
	GlobalSection(ExtensibilityGlobals) = postSolution
		SolutionGuid = {51447D82-766A-4404-A64C-0FC54A243D21}
	EndGlobalSection
EndGlobal
