
Microsoft Visual Studio Solution File, Format Version 12.00
# Visual Studio Version 17
VisualStudioVersion = 17.8.34525.116
MinimumVisualStudioVersion = 10.0.40219.1
Project("{FAE04EC0-301F-11D3-BF4B-00C04F79EFBC}") = "Serialization", "Serialization\Serialization.csproj", "{F2FDF2AB-D7F2-4254-8569-1CEBB131A483}"
EndProject
Project("{FAE04EC0-301F-11D3-BF4B-00C04F79EFBC}") = "SerializationUsingJson", "Serialization4.8\SerializationUsingJson.csproj", "{EA5E0AF2-A7FD-47B0-9144-618C5DBEFD21}"
EndProject
Project("{FAE04EC0-301F-11D3-BF4B-00C04F79EFBC}") = "Reflection", "Reflection\Reflection.csproj", "{C0BAE188-B7D4-44D2-8F82-9FCD1BBC240F}"
EndProject
Project("{FAE04EC0-301F-11D3-BF4B-00C04F79EFBC}") = "Delegates", "Delegates\Delegates.csproj", "{D3FBE945-B71E-41DF-B67E-07D4A1B5A7CD}"
EndProject
Project("{FAE04EC0-301F-11D3-BF4B-00C04F79EFBC}") = "EventDemo", "EventDemo\EventDemo.csproj", "{3A9C6F14-A6F6-4CE0-8A04-3B71CCCFC44B}"
EndProject
Project("{FAE04EC0-301F-11D3-BF4B-00C04F79EFBC}") = "MultiCastDelegate", "MultiCastDelegate\MultiCastDelegate.csproj", "{141D749F-1B2D-44A5-92BF-BF2810D8FE77}"
EndProject
Project("{FAE04EC0-301F-11D3-BF4B-00C04F79EFBC}") = "CovarianceAndContravariance", "CovarianceAndContravariance\CovarianceAndContravariance.csproj", "{4A0B081D-FD7B-4BD2-849A-A432AC473BA6}"
EndProject
Project("{FAE04EC0-301F-11D3-BF4B-00C04F79EFBC}") = "ActionAndFuncDelegates", "ActionAndFuncDelegates\ActionAndFuncDelegates.csproj", "{4BDB566E-269F-4793-B6A2-1009DDBE3321}"
EndProject
Global
	GlobalSection(SolutionConfigurationPlatforms) = preSolution
		Debug|Any CPU = Debug|Any CPU
		Release|Any CPU = Release|Any CPU
	EndGlobalSection
	GlobalSection(ProjectConfigurationPlatforms) = postSolution
		{F2FDF2AB-D7F2-4254-8569-1CEBB131A483}.Debug|Any CPU.ActiveCfg = Debug|Any CPU
		{F2FDF2AB-D7F2-4254-8569-1CEBB131A483}.Debug|Any CPU.Build.0 = Debug|Any CPU
		{F2FDF2AB-D7F2-4254-8569-1CEBB131A483}.Release|Any CPU.ActiveCfg = Release|Any CPU
		{F2FDF2AB-D7F2-4254-8569-1CEBB131A483}.Release|Any CPU.Build.0 = Release|Any CPU
		{EA5E0AF2-A7FD-47B0-9144-618C5DBEFD21}.Debug|Any CPU.ActiveCfg = Debug|Any CPU
		{EA5E0AF2-A7FD-47B0-9144-618C5DBEFD21}.Debug|Any CPU.Build.0 = Debug|Any CPU
		{EA5E0AF2-A7FD-47B0-9144-618C5DBEFD21}.Release|Any CPU.ActiveCfg = Release|Any CPU
		{EA5E0AF2-A7FD-47B0-9144-618C5DBEFD21}.Release|Any CPU.Build.0 = Release|Any CPU
		{C0BAE188-B7D4-44D2-8F82-9FCD1BBC240F}.Debug|Any CPU.ActiveCfg = Debug|Any CPU
		{C0BAE188-B7D4-44D2-8F82-9FCD1BBC240F}.Debug|Any CPU.Build.0 = Debug|Any CPU
		{C0BAE188-B7D4-44D2-8F82-9FCD1BBC240F}.Release|Any CPU.ActiveCfg = Release|Any CPU
		{C0BAE188-B7D4-44D2-8F82-9FCD1BBC240F}.Release|Any CPU.Build.0 = Release|Any CPU
		{D3FBE945-B71E-41DF-B67E-07D4A1B5A7CD}.Debug|Any CPU.ActiveCfg = Debug|Any CPU
		{D3FBE945-B71E-41DF-B67E-07D4A1B5A7CD}.Debug|Any CPU.Build.0 = Debug|Any CPU
		{D3FBE945-B71E-41DF-B67E-07D4A1B5A7CD}.Release|Any CPU.ActiveCfg = Release|Any CPU
		{D3FBE945-B71E-41DF-B67E-07D4A1B5A7CD}.Release|Any CPU.Build.0 = Release|Any CPU
		{3A9C6F14-A6F6-4CE0-8A04-3B71CCCFC44B}.Debug|Any CPU.ActiveCfg = Debug|Any CPU
		{3A9C6F14-A6F6-4CE0-8A04-3B71CCCFC44B}.Debug|Any CPU.Build.0 = Debug|Any CPU
		{3A9C6F14-A6F6-4CE0-8A04-3B71CCCFC44B}.Release|Any CPU.ActiveCfg = Release|Any CPU
		{3A9C6F14-A6F6-4CE0-8A04-3B71CCCFC44B}.Release|Any CPU.Build.0 = Release|Any CPU
		{141D749F-1B2D-44A5-92BF-BF2810D8FE77}.Debug|Any CPU.ActiveCfg = Debug|Any CPU
		{141D749F-1B2D-44A5-92BF-BF2810D8FE77}.Debug|Any CPU.Build.0 = Debug|Any CPU
		{141D749F-1B2D-44A5-92BF-BF2810D8FE77}.Release|Any CPU.ActiveCfg = Release|Any CPU
		{141D749F-1B2D-44A5-92BF-BF2810D8FE77}.Release|Any CPU.Build.0 = Release|Any CPU
		{4A0B081D-FD7B-4BD2-849A-A432AC473BA6}.Debug|Any CPU.ActiveCfg = Debug|Any CPU
		{4A0B081D-FD7B-4BD2-849A-A432AC473BA6}.Debug|Any CPU.Build.0 = Debug|Any CPU
		{4A0B081D-FD7B-4BD2-849A-A432AC473BA6}.Release|Any CPU.ActiveCfg = Release|Any CPU
		{4A0B081D-FD7B-4BD2-849A-A432AC473BA6}.Release|Any CPU.Build.0 = Release|Any CPU
		{4BDB566E-269F-4793-B6A2-1009DDBE3321}.Debug|Any CPU.ActiveCfg = Debug|Any CPU
		{4BDB566E-269F-4793-B6A2-1009DDBE3321}.Debug|Any CPU.Build.0 = Debug|Any CPU
		{4BDB566E-269F-4793-B6A2-1009DDBE3321}.Release|Any CPU.ActiveCfg = Release|Any CPU
		{4BDB566E-269F-4793-B6A2-1009DDBE3321}.Release|Any CPU.Build.0 = Release|Any CPU
	EndGlobalSection
	GlobalSection(SolutionProperties) = preSolution
		HideSolutionNode = FALSE
	EndGlobalSection
	GlobalSection(ExtensibilityGlobals) = postSolution
		SolutionGuid = {58578C03-EF04-44F7-8256-F99123348F15}
	EndGlobalSection
EndGlobal
